---
label: video block
hide_body: true
display_field: title
fields:
- name: title
  type: text
  config:
    required: false
  label: Title
- name: description
  type: textarea
  default: ''
  config:
    required: false
    wysiwyg: true
    schema:
      format: html-blocks
  label: Description
  description: optional text displayed above the video
- name: vimeo_id
  type: text
  config:
    required: false
  label: Vimeo ID
